
Microsoft Visual Studio Solution File, Format Version 12.00
# Visual Studio 2013
VisualStudioVersion = 12.0.21005.1
MinimumVisualStudioVersion = 10.0.40219.1
Project("{8BC9CEB8-8B4A-11D0-8D11-00A0C91BC942}") = "5.4 2 B1007(20)", "5.4 2 B1007(20)\5.4 2 B1007(20).vcxproj", "{1A7986C4-ADBF-45AC-8FDC-FCD876C82E41}"
EndProject
Global
	GlobalSection(SolutionConfigurationPlatforms) = preSolution
		Debug|Win32 = Debug|Win32
		Release|Win32 = Release|Win32
	EndGlobalSection
	GlobalSection(ProjectConfigurationPlatforms) = postSolution
		{1A7986C4-ADBF-45AC-8FDC-FCD876C82E41}.Debug|Win32.ActiveCfg = Debug|Win32
		{1A7986C4-ADBF-45AC-8FDC-FCD876C82E41}.Debug|Win32.Build.0 = Debug|Win32
		{1A7986C4-ADBF-45AC-8FDC-FCD876C82E41}.Release|Win32.ActiveCfg = Release|Win32
		{1A7986C4-ADBF-45AC-8FDC-FCD876C82E41}.Release|Win32.Build.0 = Release|Win32
	EndGlobalSection
	GlobalSection(SolutionProperties) = preSolution
		HideSolutionNode = FALSE
	EndGlobalSection
EndGlobal
