
Microsoft Visual Studio Solution File, Format Version 12.00
# Visual Studio 2013
VisualStudioVersion = 12.0.21005.1
MinimumVisualStudioVersion = 10.0.40219.1
Project("{8BC9CEB8-8B4A-11D0-8D11-00A0C91BC942}") = "haha3", "haha3\haha3.vcxproj", "{FA7A4EDF-3BD7-4CCC-B154-25A08013445E}"
EndProject
Global
	GlobalSection(SolutionConfigurationPlatforms) = preSolution
		Debug|Win32 = Debug|Win32
		Release|Win32 = Release|Win32
	EndGlobalSection
	GlobalSection(ProjectConfigurationPlatforms) = postSolution
		{FA7A4EDF-3BD7-4CCC-B154-25A08013445E}.Debug|Win32.ActiveCfg = Debug|Win32
		{FA7A4EDF-3BD7-4CCC-B154-25A08013445E}.Debug|Win32.Build.0 = Debug|Win32
		{FA7A4EDF-3BD7-4CCC-B154-25A08013445E}.Release|Win32.ActiveCfg = Release|Win32
		{FA7A4EDF-3BD7-4CCC-B154-25A08013445E}.Release|Win32.Build.0 = Release|Win32
	EndGlobalSection
	GlobalSection(SolutionProperties) = preSolution
		HideSolutionNode = FALSE
	EndGlobalSection
EndGlobal
