
Microsoft Visual Studio Solution File, Format Version 12.00
# Visual Studio 2013
VisualStudioVersion = 12.0.21005.1
MinimumVisualStudioVersion = 10.0.40219.1
Project("{8BC9CEB8-8B4A-11D0-8D11-00A0C91BC942}") = "3.6 3 B1021(15)", "3.6 3 B1021(15)\3.6 3 B1021(15).vcxproj", "{F3856F60-DCEB-4B5F-B91E-A458F841404D}"
EndProject
Global
	GlobalSection(SolutionConfigurationPlatforms) = preSolution
		Debug|Win32 = Debug|Win32
		Release|Win32 = Release|Win32
	EndGlobalSection
	GlobalSection(ProjectConfigurationPlatforms) = postSolution
		{F3856F60-DCEB-4B5F-B91E-A458F841404D}.Debug|Win32.ActiveCfg = Debug|Win32
		{F3856F60-DCEB-4B5F-B91E-A458F841404D}.Debug|Win32.Build.0 = Debug|Win32
		{F3856F60-DCEB-4B5F-B91E-A458F841404D}.Release|Win32.ActiveCfg = Release|Win32
		{F3856F60-DCEB-4B5F-B91E-A458F841404D}.Release|Win32.Build.0 = Release|Win32
	EndGlobalSection
	GlobalSection(SolutionProperties) = preSolution
		HideSolutionNode = FALSE
	EndGlobalSection
EndGlobal
