
Microsoft Visual Studio Solution File, Format Version 12.00
# Visual Studio 2013
VisualStudioVersion = 12.0.21005.1
MinimumVisualStudioVersion = 10.0.40219.1
Project("{8BC9CEB8-8B4A-11D0-8D11-00A0C91BC942}") = "4.5 2 A1010(25)", "4.5 2 A1010(25)\4.5 2 A1010(25).vcxproj", "{321D64D9-7514-4309-A757-A1100F426EEC}"
EndProject
Global
	GlobalSection(SolutionConfigurationPlatforms) = preSolution
		Debug|Win32 = Debug|Win32
		Release|Win32 = Release|Win32
	EndGlobalSection
	GlobalSection(ProjectConfigurationPlatforms) = postSolution
		{321D64D9-7514-4309-A757-A1100F426EEC}.Debug|Win32.ActiveCfg = Debug|Win32
		{321D64D9-7514-4309-A757-A1100F426EEC}.Debug|Win32.Build.0 = Debug|Win32
		{321D64D9-7514-4309-A757-A1100F426EEC}.Release|Win32.ActiveCfg = Release|Win32
		{321D64D9-7514-4309-A757-A1100F426EEC}.Release|Win32.Build.0 = Release|Win32
	EndGlobalSection
	GlobalSection(SolutionProperties) = preSolution
		HideSolutionNode = FALSE
	EndGlobalSection
EndGlobal
